
Microsoft Visual Studio Solution File, Format Version 12.00
# Visual Studio Version 17
VisualStudioVersion = 17.0.31903.59
MinimumVisualStudioVersion = 10.0.40219.1
Project("{FAE04EC0-301F-11D3-BF4B-00C04F79EFBC}") = "WebApplication1", "WebApplication1\WebApplication1.csproj", "{40EF79F6-5677-4397-A66C-BD06EC89D3D5}"
EndProject
Global
	GlobalSection(SolutionConfigurationPlatforms) = preSolution
		Debug|Any CPU = Debug|Any CPU
		Release|Any CPU = Release|Any CPU
	EndGlobalSection
	GlobalSection(ProjectConfigurationPlatforms) = postSolution
		{40EF79F6-5677-4397-A66C-BD06EC89D3D5}.Debug|Any CPU.ActiveCfg = Debug|Any CPU
		{40EF79F6-5677-4397-A66C-BD06EC89D3D5}.Debug|Any CPU.Build.0 = Debug|Any CPU
		{40EF79F6-5677-4397-A66C-BD06EC89D3D5}.Release|Any CPU.ActiveCfg = Release|Any CPU
		{40EF79F6-5677-4397-A66C-BD06EC89D3D5}.Release|Any CPU.Build.0 = Release|Any CPU
	EndGlobalSection
	GlobalSection(SolutionProperties) = preSolution
		HideSolutionNode = FALSE
	EndGlobalSection
	GlobalSection(ExtensibilityGlobals) = postSolution
		SolutionGuid = {FEB303B9-72A8-4F39-A169-935F265A46DB}
	EndGlobalSection
EndGlobal
